// !$*UTF8*$!
{
	archiveVersion = 1;
	classes = {
	};
	objectVersion = 46;
	objects = {

/* Begin PBXBuildFile section */
		722ADE641E1C65B50002D9EC /* Spring.h in Sources */ = {isa = PBXBuildFile; fileRef = 725DAA401E1C2BE500E1824A /* Spring.h */; };
		722ADE661E1C68620002D9EC /* TextToSpeech.swift in Sources */ = {isa = PBXBuildFile; fileRef = 722ADE651E1C68620002D9EC /* TextToSpeech.swift */; };
		722ADE691E1C82A00002D9EC /* flamingimages.png in Resources */ = {isa = PBXBuildFile; fileRef = 722ADE6B1E1C82A00002D9EC /* flamingimages.png */; };
		722ADE701E1C8CD10002D9EC /* Localizable.strings in Resources */ = {isa = PBXBuildFile; fileRef = 722ADE721E1C8CD10002D9EC /* Localizable.strings */; };
		725DAA161E1B64A800E1824A /* AppDelegate.swift in Sources */ = {isa = PBXBuildFile; fileRef = 725DAA151E1B64A800E1824A /* AppDelegate.swift */; };
		725DAA181E1B64A800E1824A /* ViewController.swift in Sources */ = {isa = PBXBuildFile; fileRef = 725DAA171E1B64A800E1824A /* ViewController.swift */; };
		725DAA1B1E1B64A800E1824A /* Main.storyboard in Resources */ = {isa = PBXBuildFile; fileRef = 725DAA191E1B64A800E1824A /* Main.storyboard */; };
		725DAA1D1E1B64A800E1824A /* Assets.xcassets in Resources */ = {isa = PBXBuildFile; fileRef = 725DAA1C1E1B64A800E1824A /* Assets.xcassets */; };
		725DAA201E1B64A800E1824A /* LaunchScreen.storyboard in Resources */ = {isa = PBXBuildFile; fileRef = 725DAA1E1E1B64A800E1824A /* LaunchScreen.storyboard */; };
		725DAA4C1E1C2BE500E1824A /* AsyncButton.swift in Sources */ = {isa = PBXBuildFile; fileRef = 725DAA2E1E1C2BE500E1824A /* AsyncButton.swift */; };
		725DAA4D1E1C2BE500E1824A /* AsyncImageView.swift in Sources */ = {isa = PBXBuildFile; fileRef = 725DAA2F1E1C2BE500E1824A /* AsyncImageView.swift */; };
		725DAA4E1E1C2BE500E1824A /* AutoTextView.swift in Sources */ = {isa = PBXBuildFile; fileRef = 725DAA301E1C2BE500E1824A /* AutoTextView.swift */; };
		725DAA4F1E1C2BE500E1824A /* BlurView.swift in Sources */ = {isa = PBXBuildFile; fileRef = 725DAA311E1C2BE500E1824A /* BlurView.swift */; };
		725DAA501E1C2BE500E1824A /* DesignableButton.swift in Sources */ = {isa = PBXBuildFile; fileRef = 725DAA321E1C2BE500E1824A /* DesignableButton.swift */; };
		725DAA511E1C2BE500E1824A /* DesignableImageView.swift in Sources */ = {isa = PBXBuildFile; fileRef = 725DAA331E1C2BE500E1824A /* DesignableImageView.swift */; };
		725DAA521E1C2BE500E1824A /* DesignableLabel.swift in Sources */ = {isa = PBXBuildFile; fileRef = 725DAA341E1C2BE500E1824A /* DesignableLabel.swift */; };
		725DAA531E1C2BE500E1824A /* DesignableTabBarController.swift in Sources */ = {isa = PBXBuildFile; fileRef = 725DAA351E1C2BE500E1824A /* DesignableTabBarController.swift */; };
		725DAA541E1C2BE500E1824A /* DesignableTextField.swift in Sources */ = {isa = PBXBuildFile; fileRef = 725DAA361E1C2BE500E1824A /* DesignableTextField.swift */; };
		725DAA551E1C2BE500E1824A /* DesignableTextView.swift in Sources */ = {isa = PBXBuildFile; fileRef = 725DAA371E1C2BE500E1824A /* DesignableTextView.swift */; };
		725DAA561E1C2BE500E1824A /* DesignableView.swift in Sources */ = {isa = PBXBuildFile; fileRef = 725DAA381E1C2BE500E1824A /* DesignableView.swift */; };
		725DAA571E1C2BE500E1824A /* ImageLoader.swift in Sources */ = {isa = PBXBuildFile; fileRef = 725DAA391E1C2BE500E1824A /* ImageLoader.swift */; };
		725DAA581E1C2BE500E1824A /* Info.plist in Resources */ = {isa = PBXBuildFile; fileRef = 725DAA3A1E1C2BE500E1824A /* Info.plist */; };
		725DAA591E1C2BE500E1824A /* KeyboardLayoutConstraint.swift in Sources */ = {isa = PBXBuildFile; fileRef = 725DAA3B1E1C2BE500E1824A /* KeyboardLayoutConstraint.swift */; };
		725DAA5A1E1C2BE500E1824A /* LoadingView.swift in Sources */ = {isa = PBXBuildFile; fileRef = 725DAA3C1E1C2BE500E1824A /* LoadingView.swift */; };
		725DAA5B1E1C2BE500E1824A /* LoadingView.xib in Resources */ = {isa = PBXBuildFile; fileRef = 725DAA3D1E1C2BE500E1824A /* LoadingView.xib */; };
		725DAA5C1E1C2BE500E1824A /* Misc.swift in Sources */ = {isa = PBXBuildFile; fileRef = 725DAA3E1E1C2BE500E1824A /* Misc.swift */; };
		725DAA5D1E1C2BE500E1824A /* SoundPlayer.swift in Sources */ = {isa = PBXBuildFile; fileRef = 725DAA3F1E1C2BE500E1824A /* SoundPlayer.swift */; };
		725DAA5E1E1C2BE500E1824A /* Spring.swift in Sources */ = {isa = PBXBuildFile; fileRef = 725DAA411E1C2BE500E1824A /* Spring.swift */; };
		725DAA5F1E1C2BE500E1824A /* SpringAnimation.swift in Sources */ = {isa = PBXBuildFile; fileRef = 725DAA421E1C2BE500E1824A /* SpringAnimation.swift */; };
		725DAA601E1C2BE500E1824A /* SpringButton.swift in Sources */ = {isa = PBXBuildFile; fileRef = 725DAA431E1C2BE500E1824A /* SpringButton.swift */; };
		725DAA611E1C2BE500E1824A /* SpringImageView.swift in Sources */ = {isa = PBXBuildFile; fileRef = 725DAA441E1C2BE500E1824A /* SpringImageView.swift */; };
		725DAA621E1C2BE500E1824A /* SpringLabel.swift in Sources */ = {isa = PBXBuildFile; fileRef = 725DAA451E1C2BE500E1824A /* SpringLabel.swift */; };
		725DAA631E1C2BE500E1824A /* SpringTextField.swift in Sources */ = {isa = PBXBuildFile; fileRef = 725DAA461E1C2BE500E1824A /* SpringTextField.swift */; };
		725DAA641E1C2BE500E1824A /* SpringTextView.swift in Sources */ = {isa = PBXBuildFile; fileRef = 725DAA471E1C2BE500E1824A /* SpringTextView.swift */; };
		725DAA651E1C2BE500E1824A /* SpringView.swift in Sources */ = {isa = PBXBuildFile; fileRef = 725DAA481E1C2BE500E1824A /* SpringView.swift */; };
		725DAA661E1C2BE500E1824A /* TransitionManager.swift in Sources */ = {isa = PBXBuildFile; fileRef = 725DAA491E1C2BE500E1824A /* TransitionManager.swift */; };
		725DAA671E1C2BE500E1824A /* TransitionZoom.swift in Sources */ = {isa = PBXBuildFile; fileRef = 725DAA4A1E1C2BE500E1824A /* TransitionZoom.swift */; };
		725DAA681E1C2BE500E1824A /* UnwindSegue.swift in Sources */ = {isa = PBXBuildFile; fileRef = 725DAA4B1E1C2BE500E1824A /* UnwindSegue.swift */; };
/* End PBXBuildFile section */

/* Begin PBXFileReference section */
		722ADE651E1C68620002D9EC /* TextToSpeech.swift */ = {isa = PBXFileReference; fileEncoding = 4; lastKnownFileType = sourcecode.swift; path = TextToSpeech.swift; sourceTree = "<group>"; };
		722ADE671E1C80A70002D9EC /* es */ = {isa = PBXFileReference; lastKnownFileType = text.plist.strings; name = es; path = es.lproj/Main.strings; sourceTree = "<group>"; };
		722ADE681E1C80A70002D9EC /* es */ = {isa = PBXFileReference; lastKnownFileType = text.plist.strings; name = es; path = es.lproj/LaunchScreen.strings; sourceTree = "<group>"; };
		722ADE6C1E1C835A0002D9EC /* Base */ = {isa = PBXFileReference; lastKnownFileType = image.png; name = Base; path = Base.lproj/flamingimages.png; sourceTree = "<group>"; };
		722ADE6D1E1C83720002D9EC /* es */ = {isa = PBXFileReference; lastKnownFileType = image.png; name = es; path = es.lproj/flamingimages.png; sourceTree = "<group>"; };
		722ADE711E1C8CD10002D9EC /* es */ = {isa = PBXFileReference; lastKnownFileType = text.plist.strings; name = es; path = es.lproj/Localizable.strings; sourceTree = "<group>"; };
		722ADE731E1C8CD30002D9EC /* Base */ = {isa = PBXFileReference; lastKnownFileType = text.plist.strings; name = Base; path = Base.lproj/Localizable.strings; sourceTree = "<group>"; };
		725DAA121E1B64A800E1824A /* DGSayMyName.app */ = {isa = PBXFileReference; explicitFileType = wrapper.application; includeInIndex = 0; path = DGSayMyName.app; sourceTree = BUILT_PRODUCTS_DIR; };
		725DAA151E1B64A800E1824A /* AppDelegate.swift */ = {isa = PBXFileReference; lastKnownFileType = sourcecode.swift; path = AppDelegate.swift; sourceTree = "<group>"; };
		725DAA171E1B64A800E1824A /* ViewController.swift */ = {isa = PBXFileReference; lastKnownFileType = sourcecode.swift; path = ViewController.swift; sourceTree = "<group>"; };
		725DAA1A1E1B64A800E1824A /* Base */ = {isa = PBXFileReference; lastKnownFileType = file.storyboard; name = Base; path = Base.lproj/Main.storyboard; sourceTree = "<group>"; };
		725DAA1C1E1B64A800E1824A /* Assets.xcassets */ = {isa = PBXFileReference; lastKnownFileType = folder.assetcatalog; path = Assets.xcassets; sourceTree = "<group>"; };
		725DAA1F1E1B64A800E1824A /* Base */ = {isa = PBXFileReference; lastKnownFileType = file.storyboard; name = Base; path = Base.lproj/LaunchScreen.storyboard; sourceTree = "<group>"; };
		725DAA211E1B64A800E1824A /* Info.plist */ = {isa = PBXFileReference; lastKnownFileType = text.plist.xml; path = Info.plist; sourceTree = "<group>"; };
		725DAA2E1E1C2BE500E1824A /* AsyncButton.swift */ = {isa = PBXFileReference; fileEncoding = 4; lastKnownFileType = sourcecode.swift; path = AsyncButton.swift; sourceTree = "<group>"; };
		725DAA2F1E1C2BE500E1824A /* AsyncImageView.swift */ = {isa = PBXFileReference; fileEncoding = 4; lastKnownFileType = sourcecode.swift; path = AsyncImageView.swift; sourceTree = "<group>"; };
		725DAA301E1C2BE500E1824A /* AutoTextView.swift */ = {isa = PBXFileReference; fileEncoding = 4; lastKnownFileType = sourcecode.swift; path = AutoTextView.swift; sourceTree = "<group>"; };
		725DAA311E1C2BE500E1824A /* BlurView.swift */ = {isa = PBXFileReference; fileEncoding = 4; lastKnownFileType = sourcecode.swift; path = BlurView.swift; sourceTree = "<group>"; };
		725DAA321E1C2BE500E1824A /* DesignableButton.swift */ = {isa = PBXFileReference; fileEncoding = 4; lastKnownFileType = sourcecode.swift; path = DesignableButton.swift; sourceTree = "<group>"; };
		725DAA331E1C2BE500E1824A /* DesignableImageView.swift */ = {isa = PBXFileReference; fileEncoding = 4; lastKnownFileType = sourcecode.swift; path = DesignableImageView.swift; sourceTree = "<group>"; };
		725DAA341E1C2BE500E1824A /* DesignableLabel.swift */ = {isa = PBXFileReference; fileEncoding = 4; lastKnownFileType = sourcecode.swift; path = DesignableLabel.swift; sourceTree = "<group>"; };
		725DAA351E1C2BE500E1824A /* DesignableTabBarController.swift */ = {isa = PBXFileReference; fileEncoding = 4; lastKnownFileType = sourcecode.swift; path = DesignableTabBarController.swift; sourceTree = "<group>"; };
		725DAA361E1C2BE500E1824A /* DesignableTextField.swift */ = {isa = PBXFileReference; fileEncoding = 4; lastKnownFileType = sourcecode.swift; path = DesignableTextField.swift; sourceTree = "<group>"; };
		725DAA371E1C2BE500E1824A /* DesignableTextView.swift */ = {isa = PBXFileReference; fileEncoding = 4; lastKnownFileType = sourcecode.swift; path = DesignableTextView.swift; sourceTree = "<group>"; };
		725DAA381E1C2BE500E1824A /* DesignableView.swift */ = {isa = PBXFileReference; fileEncoding = 4; lastKnownFileType = sourcecode.swift; path = DesignableView.swift; sourceTree = "<group>"; };
		725DAA391E1C2BE500E1824A /* ImageLoader.swift */ = {isa = PBXFileReference; fileEncoding = 4; lastKnownFileType = sourcecode.swift; path = ImageLoader.swift; sourceTree = "<group>"; };
		725DAA3A1E1C2BE500E1824A /* Info.plist */ = {isa = PBXFileReference; fileEncoding = 4; lastKnownFileType = text.plist.xml; path = Info.plist; sourceTree = "<group>"; };
		725DAA3B1E1C2BE500E1824A /* KeyboardLayoutConstraint.swift */ = {isa = PBXFileReference; fileEncoding = 4; lastKnownFileType = sourcecode.swift; path = KeyboardLayoutConstraint.swift; sourceTree = "<group>"; };
		725DAA3C1E1C2BE500E1824A /* LoadingView.swift */ = {isa = PBXFileReference; fileEncoding = 4; lastKnownFileType = sourcecode.swift; path = LoadingView.swift; sourceTree = "<group>"; };
		725DAA3D1E1C2BE500E1824A /* LoadingView.xib */ = {isa = PBXFileReference; fileEncoding = 4; lastKnownFileType = file.xib; path = LoadingView.xib; sourceTree = "<group>"; };
		725DAA3E1E1C2BE500E1824A /* Misc.swift */ = {isa = PBXFileReference; fileEncoding = 4; lastKnownFileType = sourcecode.swift; path = Misc.swift; sourceTree = "<group>"; };
		725DAA3F1E1C2BE500E1824A /* SoundPlayer.swift */ = {isa = PBXFileReference; fileEncoding = 4; lastKnownFileType = sourcecode.swift; path = SoundPlayer.swift; sourceTree = "<group>"; };
		725DAA401E1C2BE500E1824A /* Spring.h */ = {isa = PBXFileReference; fileEncoding = 4; lastKnownFileType = sourcecode.c.h; path = Spring.h; sourceTree = "<group>"; };
		725DAA411E1C2BE500E1824A /* Spring.swift */ = {isa = PBXFileReference; fileEncoding = 4; lastKnownFileType = sourcecode.swift; path = Spring.swift; sourceTree = "<group>"; };
		725DAA421E1C2BE500E1824A /* SpringAnimation.swift */ = {isa = PBXFileReference; fileEncoding = 4; lastKnownFileType = sourcecode.swift; path = SpringAnimation.swift; sourceTree = "<group>"; };
		725DAA431E1C2BE500E1824A /* SpringButton.swift */ = {isa = PBXFileReference; fileEncoding = 4; lastKnownFileType = sourcecode.swift; path = SpringButton.swift; sourceTree = "<group>"; };
		725DAA441E1C2BE500E1824A /* SpringImageView.swift */ = {isa = PBXFileReference; fileEncoding = 4; lastKnownFileType = sourcecode.swift; path = SpringImageView.swift; sourceTree = "<group>"; };
		725DAA451E1C2BE500E1824A /* SpringLabel.swift */ = {isa = PBXFileReference; fileEncoding = 4; lastKnownFileType = sourcecode.swift; path = SpringLabel.swift; sourceTree = "<group>"; };
		725DAA461E1C2BE500E1824A /* SpringTextField.swift */ = {isa = PBXFileReference; fileEncoding = 4; lastKnownFileType = sourcecode.swift; path = SpringTextField.swift; sourceTree = "<group>"; };
		725DAA471E1C2BE500E1824A /* SpringTextView.swift */ = {isa = PBXFileReference; fileEncoding = 4; lastKnownFileType = sourcecode.swift; path = SpringTextView.swift; sourceTree = "<group>"; };
		725DAA481E1C2BE500E1824A /* SpringView.swift */ = {isa = PBXFileReference; fileEncoding = 4; lastKnownFileType = sourcecode.swift; path = SpringView.swift; sourceTree = "<group>"; };
		725DAA491E1C2BE500E1824A /* TransitionManager.swift */ = {isa = PBXFileReference; fileEncoding = 4; lastKnownFileType = sourcecode.swift; path = TransitionManager.swift; sourceTree = "<group>"; };
		725DAA4A1E1C2BE500E1824A /* TransitionZoom.swift */ = {isa = PBXFileReference; fileEncoding = 4; lastKnownFileType = sourcecode.swift; path = TransitionZoom.swift; sourceTree = "<group>"; };
		725DAA4B1E1C2BE500E1824A /* UnwindSegue.swift */ = {isa = PBXFileReference; fileEncoding = 4; lastKnownFileType = sourcecode.swift; path = UnwindSegue.swift; sourceTree = "<group>"; };
/* End PBXFileReference section */

/* Begin PBXFrameworksBuildPhase section */
		725DAA0F1E1B64A800E1824A /* Frameworks */ = {
			isa = PBXFrameworksBuildPhase;
			buildActionMask = 2147483647;
			files = (
			);
			runOnlyForDeploymentPostprocessing = 0;
		};
/* End PBXFrameworksBuildPhase section */

/* Begin PBXGroup section */
		725DAA091E1B64A800E1824A = {
			isa = PBXGroup;
			children = (
				725DAA141E1B64A800E1824A /* DGSayMyName */,
				725DAA131E1B64A800E1824A /* Products */,
			);
			sourceTree = "<group>";
		};
		725DAA131E1B64A800E1824A /* Products */ = {
			isa = PBXGroup;
			children = (
				725DAA121E1B64A800E1824A /* DGSayMyName.app */,
			);
			name = Products;
			sourceTree = "<group>";
		};
		725DAA141E1B64A800E1824A /* DGSayMyName */ = {
			isa = PBXGroup;
			children = (
				725DAA2D1E1C2BE500E1824A /* Spring */,
				725DAA271E1B666700E1824A /* Images */,
				725DAA151E1B64A800E1824A /* AppDelegate.swift */,
				725DAA171E1B64A800E1824A /* ViewController.swift */,
				725DAA191E1B64A800E1824A /* Main.storyboard */,
				725DAA1C1E1B64A800E1824A /* Assets.xcassets */,
				725DAA1E1E1B64A800E1824A /* LaunchScreen.storyboard */,
				725DAA211E1B64A800E1824A /* Info.plist */,
				722ADE651E1C68620002D9EC /* TextToSpeech.swift */,
				722ADE721E1C8CD10002D9EC /* Localizable.strings */,
			);
			path = DGSayMyName;
			sourceTree = "<group>";
		};
		725DAA271E1B666700E1824A /* Images */ = {
			isa = PBXGroup;
			children = (
				722ADE6B1E1C82A00002D9EC /* flamingimages.png */,
			);
			name = Images;
			sourceTree = "<group>";
		};
		725DAA2D1E1C2BE500E1824A /* Spring */ = {
			isa = PBXGroup;
			children = (
				725DAA2E1E1C2BE500E1824A /* AsyncButton.swift */,
				725DAA2F1E1C2BE500E1824A /* AsyncImageView.swift */,
				725DAA301E1C2BE500E1824A /* AutoTextView.swift */,
				725DAA311E1C2BE500E1824A /* BlurView.swift */,
				725DAA321E1C2BE500E1824A /* DesignableButton.swift */,
				725DAA331E1C2BE500E1824A /* DesignableImageView.swift */,
				725DAA341E1C2BE500E1824A /* DesignableLabel.swift */,
				725DAA351E1C2BE500E1824A /* DesignableTabBarController.swift */,
				725DAA361E1C2BE500E1824A /* DesignableTextField.swift */,
				725DAA371E1C2BE500E1824A /* DesignableTextView.swift */,
				725DAA381E1C2BE500E1824A /* DesignableView.swift */,
				725DAA391E1C2BE500E1824A /* ImageLoader.swift */,
				725DAA3A1E1C2BE500E1824A /* Info.plist */,
				725DAA3B1E1C2BE500E1824A /* KeyboardLayoutConstraint.swift */,
				725DAA3C1E1C2BE500E1824A /* LoadingView.swift */,
				725DAA3D1E1C2BE500E1824A /* LoadingView.xib */,
				725DAA3E1E1C2BE500E1824A /* Misc.swift */,
				725DAA3F1E1C2BE500E1824A /* SoundPlayer.swift */,
				725DAA401E1C2BE500E1824A /* Spring.h */,
				725DAA411E1C2BE500E1824A /* Spring.swift */,
				725DAA421E1C2BE500E1824A /* SpringAnimation.swift */,
				725DAA431E1C2BE500E1824A /* SpringButton.swift */,
				725DAA441E1C2BE500E1824A /* SpringImageView.swift */,
				725DAA451E1C2BE500E1824A /* SpringLabel.swift */,
				725DAA461E1C2BE500E1824A /* SpringTextField.swift */,
				725DAA471E1C2BE500E1824A /* SpringTextView.swift */,
				725DAA481E1C2BE500E1824A /* SpringView.swift */,
				725DAA491E1C2BE500E1824A /* TransitionManager.swift */,
				725DAA4A1E1C2BE500E1824A /* TransitionZoom.swift */,
				725DAA4B1E1C2BE500E1824A /* UnwindSegue.swift */,
			);
			path = Spring;
			sourceTree = "<group>";
		};
/* End PBXGroup section */

/* Begin PBXNativeTarget section */
		725DAA111E1B64A800E1824A /* DGSayMyName */ = {
			isa = PBXNativeTarget;
			buildConfigurationList = 725DAA241E1B64A800E1824A /* Build configuration list for PBXNativeTarget "DGSayMyName" */;
			buildPhases = (
				725DAA0E1E1B64A800E1824A /* Sources */,
				725DAA0F1E1B64A800E1824A /* Frameworks */,
				725DAA101E1B64A800E1824A /* Resources */,
			);
			buildRules = (
			);
			dependencies = (
			);
			name = DGSayMyName;
			productName = DGSayMyName;
			productReference = 725DAA121E1B64A800E1824A /* DGSayMyName.app */;
			productType = "com.apple.product-type.application";
		};
/* End PBXNativeTarget section */

/* Begin PBXProject section */
		725DAA0A1E1B64A800E1824A /* Project object */ = {
			isa = PBXProject;
			attributes = {
				LastSwiftUpdateCheck = 0820;
				LastUpgradeCheck = 0820;
				ORGANIZATIONNAME = ApptasticVoyage;
				TargetAttributes = {
					725DAA111E1B64A800E1824A = {
						CreatedOnToolsVersion = 8.2.1;
						DevelopmentTeam = KT3EESWU53;
						ProvisioningStyle = Automatic;
					};
				};
			};
			buildConfigurationList = 725DAA0D1E1B64A800E1824A /* Build configuration list for PBXProject "DGSayMyName" */;
			compatibilityVersion = "Xcode 3.2";
			developmentRegion = English;
			hasScannedForEncodings = 0;
			knownRegions = (
				en,
				Base,
			);
			mainGroup = 725DAA091E1B64A800E1824A;
			productRefGroup = 725DAA131E1B64A800E1824A /* Products */;
			projectDirPath = "";
			projectRoot = "";
			targets = (
				725DAA111E1B64A800E1824A /* DGSayMyName */,
			);
		};
/* End PBXProject section */

/* Begin PBXResourcesBuildPhase section */
		725DAA101E1B64A800E1824A /* Resources */ = {
			isa = PBXResourcesBuildPhase;
			buildActionMask = 2147483647;
			files = (
				722ADE691E1C82A00002D9EC /* flamingimages.png in Resources */,
				725DAA201E1B64A800E1824A /* LaunchScreen.storyboard in Resources */,
				725DAA1D1E1B64A800E1824A /* Assets.xcassets in Resources */,
				722ADE701E1C8CD10002D9EC /* Localizable.strings in Resources */,
				725DAA5B1E1C2BE500E1824A /* LoadingView.xib in Resources */,
				725DAA581E1C2BE500E1824A /* Info.plist in Resources */,
				725DAA1B1E1B64A800E1824A /* Main.storyboard in Resources */,
			);
			runOnlyForDeploymentPostprocessing = 0;
		};
/* End PBXResourcesBuildPhase section */

/* Begin PBXSourcesBuildPhase section */
		725DAA0E1E1B64A800E1824A /* Sources */ = {
			isa = PBXSourcesBuildPhase;
			buildActionMask = 2147483647;
			files = (
				722ADE641E1C65B50002D9EC /* Spring.h in Sources */,
				725DAA621E1C2BE500E1824A /* SpringLabel.swift in Sources */,
				725DAA571E1C2BE500E1824A /* ImageLoader.swift in Sources */,
				725DAA5C1E1C2BE500E1824A /* Misc.swift in Sources */,
				722ADE661E1C68620002D9EC /* TextToSpeech.swift in Sources */,
				725DAA511E1C2BE500E1824A /* DesignableImageView.swift in Sources */,
				725DAA611E1C2BE500E1824A /* SpringImageView.swift in Sources */,
				725DAA181E1B64A800E1824A /* ViewController.swift in Sources */,
				725DAA5D1E1C2BE500E1824A /* SoundPlayer.swift in Sources */,
				725DAA641E1C2BE500E1824A /* SpringTextView.swift in Sources */,
				725DAA161E1B64A800E1824A /* AppDelegate.swift in Sources */,
				725DAA561E1C2BE500E1824A /* DesignableView.swift in Sources */,
				725DAA5F1E1C2BE500E1824A /* SpringAnimation.swift in Sources */,
				725DAA5E1E1C2BE500E1824A /* Spring.swift in Sources */,
				725DAA5A1E1C2BE500E1824A /* LoadingView.swift in Sources */,
				725DAA631E1C2BE500E1824A /* SpringTextField.swift in Sources */,
				725DAA501E1C2BE500E1824A /* DesignableButton.swift in Sources */,
				725DAA541E1C2BE500E1824A /* DesignableTextField.swift in Sources */,
				725DAA4C1E1C2BE500E1824A /* AsyncButton.swift in Sources */,
				725DAA591E1C2BE500E1824A /* KeyboardLayoutConstraint.swift in Sources */,
				725DAA601E1C2BE500E1824A /* SpringButton.swift in Sources */,
				725DAA4D1E1C2BE500E1824A /* AsyncImageView.swift in Sources */,
				725DAA531E1C2BE500E1824A /* DesignableTabBarController.swift in Sources */,
				725DAA4E1E1C2BE500E1824A /* AutoTextView.swift in Sources */,
				725DAA551E1C2BE500E1824A /* DesignableTextView.swift in Sources */,
				725DAA521E1C2BE500E1824A /* DesignableLabel.swift in Sources */,
				725DAA681E1C2BE500E1824A /* UnwindSegue.swift in Sources */,
				725DAA661E1C2BE500E1824A /* TransitionManager.swift in Sources */,
				725DAA4F1E1C2BE500E1824A /* BlurView.swift in Sources */,
				725DAA651E1C2BE500E1824A /* SpringView.swift in Sources */,
				725DAA671E1C2BE500E1824A /* TransitionZoom.swift in Sources */,
			);
			runOnlyForDeploymentPostprocessing = 0;
		};
/* End PBXSourcesBuildPhase section */

/* Begin PBXVariantGroup section */
		722ADE6B1E1C82A00002D9EC /* flamingimages.png */ = {
			isa = PBXVariantGroup;
			children = (
				722ADE6C1E1C835A0002D9EC /* Base */,
				722ADE6D1E1C83720002D9EC /* es */,
			);
			name = flamingimages.png;
			sourceTree = "<group>";
		};
		722ADE721E1C8CD10002D9EC /* Localizable.strings */ = {
			isa = PBXVariantGroup;
			children = (
				722ADE711E1C8CD10002D9EC /* es */,
				722ADE731E1C8CD30002D9EC /* Base */,
			);
			name = Localizable.strings;
			sourceTree = "<group>";
		};
		725DAA191E1B64A800E1824A /* Main.storyboard */ = {
			isa = PBXVariantGroup;
			children = (
				725DAA1A1E1B64A800E1824A /* Base */,
				722ADE671E1C80A70002D9EC /* es */,
			);
			name = Main.storyboard;
			sourceTree = "<group>";
		};
		725DAA1E1E1B64A800E1824A /* LaunchScreen.storyboard */ = {
			isa = PBXVariantGroup;
			children = (
				725DAA1F1E1B64A800E1824A /* Base */,
				722ADE681E1C80A70002D9EC /* es */,
			);
			name = LaunchScreen.storyboard;
			sourceTree = "<group>";
		};
/* End PBXVariantGroup section */

/* Begin XCBuildConfiguration section */
		725DAA221E1B64A800E1824A /* Debug */ = {
			isa = XCBuildConfiguration;
			buildSettings = {
				ALWAYS_SEARCH_USER_PATHS = NO;
				CLANG_ANALYZER_LOCALIZABILITY_NONLOCALIZED = YES;
				CLANG_ANALYZER_NONNULL = YES;
				CLANG_CXX_LANGUAGE_STANDARD = "gnu++0x";
				CLANG_CXX_LIBRARY = "libc++";
				CLANG_ENABLE_MODULES = YES;
				CLANG_ENABLE_OBJC_ARC = YES;
				CLANG_WARN_BOOL_CONVERSION = YES;
				CLANG_WARN_CONSTANT_CONVERSION = YES;
				CLANG_WARN_DIRECT_OBJC_ISA_USAGE = YES_ERROR;
				CLANG_WARN_DOCUMENTATION_COMMENTS = YES;
				CLANG_WARN_EMPTY_BODY = YES;
				CLANG_WARN_ENUM_CONVERSION = YES;
				CLANG_WARN_INFINITE_RECURSION = YES;
				CLANG_WARN_INT_CONVERSION = YES;
				CLANG_WARN_OBJC_ROOT_CLASS = YES_ERROR;
				CLANG_WARN_SUSPICIOUS_MOVE = YES;
				CLANG_WARN_UNREACHABLE_CODE = YES;
				CLANG_WARN__DUPLICATE_METHOD_MATCH = YES;
				"CODE_SIGN_IDENTITY[sdk=iphoneos*]" = "iPhone Developer";
				COPY_PHASE_STRIP = NO;
				DEBUG_INFORMATION_FORMAT = dwarf;
				ENABLE_STRICT_OBJC_MSGSEND = YES;
				ENABLE_TESTABILITY = YES;
				GCC_C_LANGUAGE_STANDARD = gnu99;
				GCC_DYNAMIC_NO_PIC = NO;
				GCC_NO_COMMON_BLOCKS = YES;
				GCC_OPTIMIZATION_LEVEL = 0;
				GCC_PREPROCESSOR_DEFINITIONS = (
					"DEBUG=1",
					"$(inherited)",
				);
				GCC_WARN_64_TO_32_BIT_CONVERSION = YES;
				GCC_WARN_ABOUT_RETURN_TYPE = YES_ERROR;
				GCC_WARN_UNDECLARED_SELECTOR = YES;
				GCC_WARN_UNINITIALIZED_AUTOS = YES_AGGRESSIVE;
				GCC_WARN_UNUSED_FUNCTION = YES;
				GCC_WARN_UNUSED_VARIABLE = YES;
				IPHONEOS_DEPLOYMENT_TARGET = 10.2;
				MTL_ENABLE_DEBUG_INFO = YES;
				ONLY_ACTIVE_ARCH = YES;
				SDKROOT = iphoneos;
				SWIFT_ACTIVE_COMPILATION_CONDITIONS = DEBUG;
				SWIFT_OPTIMIZATION_LEVEL = "-Onone";
			};
			name = Debug;
		};
		725DAA231E1B64A800E1824A /* Release */ = {
			isa = XCBuildConfiguration;
			buildSettings = {
				ALWAYS_SEARCH_USER_PATHS = NO;
				CLANG_ANALYZER_LOCALIZABILITY_NONLOCALIZED = YES;
				CLANG_ANALYZER_NONNULL = YES;
				CLANG_CXX_LANGUAGE_STANDARD = "gnu++0x";
				CLANG_CXX_LIBRARY = "libc++";
				CLANG_ENABLE_MODULES = YES;
				CLANG_ENABLE_OBJC_ARC = YES;
				CLANG_WARN_BOOL_CONVERSION = YES;
				CLANG_WARN_CONSTANT_CONVERSION = YES;
				CLANG_WARN_DIRECT_OBJC_ISA_USAGE = YES_ERROR;
				CLANG_WARN_DOCUMENTATION_COMMENTS = YES;
				CLANG_WARN_EMPTY_BODY = YES;
				CLANG_WARN_ENUM_CONVERSION = YES;
				CLANG_WARN_INFINITE_RECURSION = YES;
				CLANG_WARN_INT_CONVERSION = YES;
				CLANG_WARN_OBJC_ROOT_CLASS = YES_ERROR;
				CLANG_WARN_SUSPICIOUS_MOVE = YES;
				CLANG_WARN_UNREACHABLE_CODE = YES;
				CLANG_WARN__DUPLICATE_METHOD_MATCH = YES;
				"CODE_SIGN_IDENTITY[sdk=iphoneos*]" = "iPhone Developer";
				COPY_PHASE_STRIP = NO;
				DEBUG_INFORMATION_FORMAT = "dwarf-with-dsym";
				ENABLE_NS_ASSERTIONS = NO;
				ENABLE_STRICT_OBJC_MSGSEND = YES;
				GCC_C_LANGUAGE_STANDARD = gnu99;
				GCC_NO_COMMON_BLOCKS = YES;
				GCC_WARN_64_TO_32_BIT_CONVERSION = YES;
				GCC_WARN_ABOUT_RETURN_TYPE = YES_ERROR;
				GCC_WARN_UNDECLARED_SELECTOR = YES;
				GCC_WARN_UNINITIALIZED_AUTOS = YES_AGGRESSIVE;
				GCC_WARN_UNUSED_FUNCTION = YES;
				GCC_WARN_UNUSED_VARIABLE = YES;
				IPHONEOS_DEPLOYMENT_TARGET = 10.2;
				MTL_ENABLE_DEBUG_INFO = NO;
				SDKROOT = iphoneos;
				SWIFT_OPTIMIZATION_LEVEL = "-Owholemodule";
				VALIDATE_PRODUCT = YES;
			};
			name = Release;
		};
		725DAA251E1B64A800E1824A /* Debug */ = {
			isa = XCBuildConfiguration;
			buildSettings = {
				ASSETCATALOG_COMPILER_APPICON_NAME = AppIcon;
				DEVELOPMENT_TEAM = KT3EESWU53;
				INFOPLIST_FILE = DGSayMyName/Info.plist;
				LD_RUNPATH_SEARCH_PATHS = "$(inherited) @executable_path/Frameworks";
				PRODUCT_BUNDLE_IDENTIFIER = com.ApptasticVoyage.DGSayMyName;
				PRODUCT_NAME = "$(TARGET_NAME)";
				SWIFT_VERSION = 3.0;
			};
			name = Debug;
		};
		725DAA261E1B64A800E1824A /* Release */ = {
			isa = XCBuildConfiguration;
			buildSettings = {
				ASSETCATALOG_COMPILER_APPICON_NAME = AppIcon;
				DEVELOPMENT_TEAM = KT3EESWU53;
				INFOPLIST_FILE = DGSayMyName/Info.plist;
				LD_RUNPATH_SEARCH_PATHS = "$(inherited) @executable_path/Frameworks";
				PRODUCT_BUNDLE_IDENTIFIER = com.ApptasticVoyage.DGSayMyName;
				PRODUCT_NAME = "$(TARGET_NAME)";
				SWIFT_VERSION = 3.0;
			};
			name = Release;
		};
/* End XCBuildConfiguration section */

/* Begin XCConfigurationList section */
		725DAA0D1E1B64A800E1824A /* Build configuration list for PBXProject "DGSayMyName" */ = {
			isa = XCConfigurationList;
			buildConfigurations = (
				725DAA221E1B64A800E1824A /* Debug */,
				725DAA231E1B64A800E1824A /* Release */,
			);
			defaultConfigurationIsVisible = 0;
			defaultConfigurationName = Release;
		};
		725DAA241E1B64A800E1824A /* Build configuration list for PBXNativeTarget "DGSayMyName" */ = {
			isa = XCConfigurationList;
			buildConfigurations = (
				725DAA251E1B64A800E1824A /* Debug */,
				725DAA261E1B64A800E1824A /* Release */,
			);
			defaultConfigurationIsVisible = 0;
			defaultConfigurationName = Release;
		};
/* End XCConfigurationList section */
	};
	rootObject = 725DAA0A1E1B64A800E1824A /* Project object */;
}
